github.com/TsoiEn/Research-Group/Soft_Eng_Research/Blockchain_Core/chaincode v0.0.0-20241126101543-21d71a7305e5 h1:zEJ7Fta3j3pRaq2xRhGDCbW+jEF5UlqzxVM/z2W3xp8=
github.com/TsoiEn/Research-Group/Soft_Eng_Research/Blockchain_Core/chaincode v0.0.0-20241126101543-21d71a7305e5/go.mod h1:GIugl/T7lQl0N1PMb0LXfFub+gJ5ueeGMX47PjeDKMQ=
