github.com/TsoiEn/Research-Group/Soft_Eng_Research/Blockchain_Core/chaincode v0.0.0-20241128144917-40baf90c6b4f h1:vXZJ3kkNjkF1Zb1fFdko4FSqnfU91YUe8fGIqmLWWmg=
github.com/TsoiEn/Research-Group/Soft_Eng_Research/Blockchain_Core/chaincode v0.0.0-20241128144917-40baf90c6b4f/go.mod h1:GIugl/T7lQl0N1PMb0LXfFub+gJ5ueeGMX47PjeDKMQ=
