github.com/TsoiEn/Research-Group/Soft_Eng_Research/Blockchain_Core/chaincode v0.0.0-20241128144917-40baf90c6b4f h1:vXZJ3kkNjkF1Zb1fFdko4FSqnfU91YUe8fGIqmLWWmg=
github.com/TsoiEn/Research-Group/Soft_Eng_Research/Blockchain_Core/chaincode v0.0.0-20241128144917-40baf90c6b4f/go.mod h1:GIugl/T7lQl0N1PMb0LXfFub+gJ5ueeGMX47PjeDKMQ=
golang.org/x/exp v0.0.0-20241108190413-2d47ceb2692f h1:XdNn9LlyWAhLVp6P/i8QYBW+hlyhrhei9uErw2B5GJo=
golang.org/x/exp v0.0.0-20241108190413-2d47ceb2692f/go.mod h1:D5SMRVC3C2/4+F/DB1wZsLRnSNimn2Sp/NPsCrsv8ak=
